
Microsoft Visual Studio Solution File, Format Version 12.00
# Visual Studio Version 17
VisualStudioVersion = 17.14.37314.3 d17.14
MinimumVisualStudioVersion = 10.0.40219.1
Project("{FAE04EC0-301F-11D3-BF4B-00C04F79EFBC}") = "StreetCleaning", "StreetCleaning\StreetCleaning.csproj", "{D6DEE305-9878-4C01-B741-DB932A2EE538}"
EndProject
Global
	GlobalSection(SolutionConfigurationPlatforms) = preSolution
		Debug|Any CPU = Debug|Any CPU
		Release|Any CPU = Release|Any CPU
	EndGlobalSection
	GlobalSection(ProjectConfigurationPlatforms) = postSolution
		{D6DEE305-9878-4C01-B741-DB932A2EE538}.Debug|Any CPU.ActiveCfg = Debug|Any CPU
		{D6DEE305-9878-4C01-B741-DB932A2EE538}.Debug|Any CPU.Build.0 = Debug|Any CPU
		{D6DEE305-9878-4C01-B741-DB932A2EE538}.Release|Any CPU.ActiveCfg = Release|Any CPU
		{D6DEE305-9878-4C01-B741-DB932A2EE538}.Release|Any CPU.Build.0 = Release|Any CPU
	EndGlobalSection
	GlobalSection(SolutionProperties) = preSolution
		HideSolutionNode = FALSE
	EndGlobalSection
	GlobalSection(ExtensibilityGlobals) = postSolution
		SolutionGuid = {5A74E2CF-CEBF-48B2-9233-881E61989599}
	EndGlobalSection
EndGlobal
